<?xml version="1.0" encoding="utf-8"?>
<Project ToolsVersion="4.0" xmlns="http://schemas.microsoft.com/developer/msbuild/2003">
  <ItemGroup>
    <Filter Include="源文件">
      <UniqueIdentifier>{4FC737F1-C7A5-4376-A066-2A32D752A2FF}</UniqueIdentifier>
      <Extensions>cpp;c;cc;cxx;c++;cppm;ixx;def;odl;idl;hpj;bat;asm;asmx</Extensions>
    </Filter>
    <Filter Include="头文件">
      <UniqueIdentifier>{93995380-89BD-4b04-88EB-625FBE52EBFB}</UniqueIdentifier>
      <Extensions>h;hh;hpp;hxx;h++;hm;inl;inc;ipp;xsd</Extensions>
    </Filter>
    <Filter Include="资源文件">
      <UniqueIdentifier>{67DA6AB6-F800-4c08-8B7A-83BB121AAD01}</UniqueIdentifier>
      <Extensions>rc;ico;cur;bmp;dlg;rc2;rct;bin;rgs;gif;jpg;jpeg;jpe;resx;tiff;tif;png;wav;mfcribbon-ms</Extensions>
    </Filter>
  </ItemGroup>
  <ItemGroup>
    <ClCompile Include="src\main.cpp">
      <Filter>源文件</Filter>
    </ClCompile>
    <ClCompile Include="src\glad.c">
      <Filter>源文件</Filter>
    </ClCompile>
    <ClCompile Include="src\Model\Mesh.cpp">
      <Filter>源文件</Filter>
    </ClCompile>
    <ClCompile Include="src\Model\Model.cpp">
      <Filter>源文件</Filter>
    </ClCompile>
  </ItemGroup>
  <ItemGroup>
    <ClInclude Include="src\Shaders\Shader.h">
      <Filter>头文件</Filter>
    </ClInclude>
    <ClInclude Include="src\vendor\stb\stb_image.h">
      <Filter>头文件</Filter>
    </ClInclude>
    <ClInclude Include="src\Camera\Camera.h">
      <Filter>头文件</Filter>
    </ClInclude>
    <ClInclude Include="src\Model\Mesh.h">
      <Filter>头文件</Filter>
    </ClInclude>
    <ClInclude Include="src\Model\Model.h">
      <Filter>头文件</Filter>
    </ClInclude>
  </ItemGroup>
  <ItemGroup>
    <None Include="src\Shaders\shader.vs" />
    <None Include="src\Shaders\shader.fs" />
    <None Include="src\Shaders\lightShader.vs" />
    <None Include="src\Shaders\lightShader.fs" />
    <None Include="src\Shaders\model_loading.vs" />
    <None Include="src\Shaders\model_loading.fs" />
    <None Include="src\Shaders\depthShader.vs" />
    <None Include="src\Shaders\depthShader.fs" />
    <None Include="src\Shaders\stencilShader.vs" />
    <None Include="src\Shaders\stencilShader.fs" />
    <None Include="src\Shaders\shaderSingleColor.vs" />
    <None Include="src\Shaders\shaderSingleColor.fs" />
    <None Include="src\Shaders\blendShader.vs" />
    <None Include="src\Shaders\blendShader.fs" />
    <None Include="src\Shaders\frameBufferShader.vs" />
    <None Include="src\Shaders\frameBufferShader.fs" />
    <None Include="src\Shaders\cubeMapShader.fs" />
    <None Include="src\Shaders\cubeMapShader.vs" />
    <None Include="src\Shaders\reflectionShader.vs" />
    <None Include="src\Shaders\reflectionShader.fs" />
    <None Include="src\Shaders\geometryShader.vs" />
    <None Include="src\Shaders\geometryShader.fs" />
    <None Include="src\Shaders\geometryShader.gs" />
    <None Include="src\Shaders\reflectionShader.gs" />
    <None Include="src\Shaders\normalDisplayShader.vs" />
    <None Include="src\Shaders\normalDisplayShader.gs" />
    <None Include="src\Shaders\normalDisplayShader.fs" />
    <None Include="src\Shaders\screenQuadShader.vs" />
    <None Include="src\Shaders\screenQuadShader.fs" />
    <None Include="src\Shaders\rockInstanceShader.vs" />
    <None Include="src\Shaders\rockInstanceShader.fs" />
    <None Include="src\Shaders\planetShader.vs" />
    <None Include="src\Shaders\planetShader.fs" />
    <None Include="src\Shaders\blinnPhongShader.vs" />
    <None Include="src\Shaders\blinnPhongShader.fs" />
  </ItemGroup>
</Project>